
Microsoft Visual Studio Solution File, Format Version 12.00
# Visual Studio Version 16
VisualStudioVersion = 16.0.29519.87
MinimumVisualStudioVersion = 10.0.40219.1
Project("{FAE04EC0-301F-11D3-BF4B-00C04F79EFBC}") = "SimpleOrderSearch", "SimpleOrderSearch.csproj", "{AD8CA1CB-8898-48E8-B293-363AFA5EFB14}"
EndProject
Global
	GlobalSection(SolutionConfigurationPlatforms) = preSolution
		Debug|Any CPU = Debug|Any CPU
		Release|Any CPU = Release|Any CPU
	EndGlobalSection
	GlobalSection(ProjectConfigurationPlatforms) = postSolution
		{AD8CA1CB-8898-48E8-B293-363AFA5EFB14}.Debug|Any CPU.ActiveCfg = Debug|Any CPU
		{AD8CA1CB-8898-48E8-B293-363AFA5EFB14}.Debug|Any CPU.Build.0 = Debug|Any CPU
		{AD8CA1CB-8898-48E8-B293-363AFA5EFB14}.Release|Any CPU.ActiveCfg = Release|Any CPU
		{AD8CA1CB-8898-48E8-B293-363AFA5EFB14}.Release|Any CPU.Build.0 = Release|Any CPU
	EndGlobalSection
	GlobalSection(SolutionProperties) = preSolution
		HideSolutionNode = FALSE
	EndGlobalSection
	GlobalSection(ExtensibilityGlobals) = postSolution
		SolutionGuid = {74CECDC9-A041-4100-ABF0-451894CB67AF}
	EndGlobalSection
EndGlobal
